
Microsoft Visual Studio Solution File, Format Version 12.00
# Visual Studio Version 16
VisualStudioVersion = 16.0.33027.164
MinimumVisualStudioVersion = 10.0.40219.1
Project("{FAE04EC0-301F-11D3-BF4B-00C04F79EFBC}") = "Week7TestProgram", "Week7TestProgram.csproj", "{5032FE51-6C73-44B1-8410-0C89166F63A0}"
EndProject
Global
	GlobalSection(SolutionConfigurationPlatforms) = preSolution
		Debug|Any CPU = Debug|Any CPU
		Release|Any CPU = Release|Any CPU
	EndGlobalSection
	GlobalSection(ProjectConfigurationPlatforms) = postSolution
		{5032FE51-6C73-44B1-8410-0C89166F63A0}.Debug|Any CPU.ActiveCfg = Debug|Any CPU
		{5032FE51-6C73-44B1-8410-0C89166F63A0}.Debug|Any CPU.Build.0 = Debug|Any CPU
		{5032FE51-6C73-44B1-8410-0C89166F63A0}.Release|Any CPU.ActiveCfg = Release|Any CPU
		{5032FE51-6C73-44B1-8410-0C89166F63A0}.Release|Any CPU.Build.0 = Release|Any CPU
	EndGlobalSection
	GlobalSection(SolutionProperties) = preSolution
		HideSolutionNode = FALSE
	EndGlobalSection
	GlobalSection(ExtensibilityGlobals) = postSolution
		SolutionGuid = {A106B4D4-8ECD-46DF-AA04-5CFB6FCEC59A}
	EndGlobalSection
EndGlobal
